
Microsoft Visual Studio Solution File, Format Version 12.00
# Visual Studio Version 17
VisualStudioVersion = 17.0.31903.59
MinimumVisualStudioVersion = 10.0.40219.1
Project("{FAE04EC0-301F-11D3-BF4B-00C04F79EFBC}") = "OSFRS.Backend", "OSFRS.Backend\OSFRS.Backend.csproj", "{CA04BF9C-A1CA-428B-8D7C-8937D8D1DC11}"
EndProject
Project("{FAE04EC0-301F-11D3-BF4B-00C04F79EFBC}") = "OSFRS.Models", "OSFRS.Models\OSFRS.Models.csproj", "{E187FB72-120A-455C-AC83-949396BBE800}"
EndProject
Project("{FAE04EC0-301F-11D3-BF4B-00C04F79EFBC}") = "OSFRS.UnitTests", "..\..\tests\OSFRS.UnitTests\OSFRS.UnitTests.csproj", "{605047D0-F24B-4C34-9D82-1B1EC0070780}"
EndProject
Project("{FAE04EC0-301F-11D3-BF4B-00C04F79EFBC}") = "OSFRS.IntegrationTests", "..\..\tests\OSFRS.IntegrationTests\OSFRS.IntegrationTests.csproj", "{D1729CB4-AD09-48B9-A4B0-4411FB5EB284}"
EndProject
Project("{FAE04EC0-301F-11D3-BF4B-00C04F79EFBC}") = "OSFRS.RepositoryTests", "..\..\tests\OSFRS.RepositoryTests\OSFRS.RepositoryTests.csproj", "{04B104BA-E1DB-4F90-9214-F83669656F55}"
EndProject
Project("{FAE04EC0-301F-11D3-BF4B-00C04F79EFBC}") = "OSFRS.SecurityTests", "..\..\tests\OSFRS.SecurityTests\OSFRS.SecurityTests.csproj", "{46426539-D297-48B1-954C-55D944D10F62}"
EndProject
Global
	GlobalSection(SolutionConfigurationPlatforms) = preSolution
		Debug|Any CPU = Debug|Any CPU
		Debug|x64 = Debug|x64
		Debug|x86 = Debug|x86
		Release|Any CPU = Release|Any CPU
		Release|x64 = Release|x64
		Release|x86 = Release|x86
	EndGlobalSection
	GlobalSection(ProjectConfigurationPlatforms) = postSolution
		{CA04BF9C-A1CA-428B-8D7C-8937D8D1DC11}.Debug|Any CPU.ActiveCfg = Debug|Any CPU
		{CA04BF9C-A1CA-428B-8D7C-8937D8D1DC11}.Debug|Any CPU.Build.0 = Debug|Any CPU
		{CA04BF9C-A1CA-428B-8D7C-8937D8D1DC11}.Debug|x64.ActiveCfg = Debug|Any CPU
		{CA04BF9C-A1CA-428B-8D7C-8937D8D1DC11}.Debug|x64.Build.0 = Debug|Any CPU
		{CA04BF9C-A1CA-428B-8D7C-8937D8D1DC11}.Debug|x86.ActiveCfg = Debug|Any CPU
		{CA04BF9C-A1CA-428B-8D7C-8937D8D1DC11}.Debug|x86.Build.0 = Debug|Any CPU
		{CA04BF9C-A1CA-428B-8D7C-8937D8D1DC11}.Release|Any CPU.ActiveCfg = Release|Any CPU
		{CA04BF9C-A1CA-428B-8D7C-8937D8D1DC11}.Release|Any CPU.Build.0 = Release|Any CPU
		{CA04BF9C-A1CA-428B-8D7C-8937D8D1DC11}.Release|x64.ActiveCfg = Release|Any CPU
		{CA04BF9C-A1CA-428B-8D7C-8937D8D1DC11}.Release|x64.Build.0 = Release|Any CPU
		{CA04BF9C-A1CA-428B-8D7C-8937D8D1DC11}.Release|x86.ActiveCfg = Release|Any CPU
		{CA04BF9C-A1CA-428B-8D7C-8937D8D1DC11}.Release|x86.Build.0 = Release|Any CPU
		{E187FB72-120A-455C-AC83-949396BBE800}.Debug|Any CPU.ActiveCfg = Debug|Any CPU
		{E187FB72-120A-455C-AC83-949396BBE800}.Debug|Any CPU.Build.0 = Debug|Any CPU
		{E187FB72-120A-455C-AC83-949396BBE800}.Debug|x64.ActiveCfg = Debug|Any CPU
		{E187FB72-120A-455C-AC83-949396BBE800}.Debug|x64.Build.0 = Debug|Any CPU
		{E187FB72-120A-455C-AC83-949396BBE800}.Debug|x86.ActiveCfg = Debug|Any CPU
		{E187FB72-120A-455C-AC83-949396BBE800}.Debug|x86.Build.0 = Debug|Any CPU
		{E187FB72-120A-455C-AC83-949396BBE800}.Release|Any CPU.ActiveCfg = Release|Any CPU
		{E187FB72-120A-455C-AC83-949396BBE800}.Release|Any CPU.Build.0 = Release|Any CPU
		{E187FB72-120A-455C-AC83-949396BBE800}.Release|x64.ActiveCfg = Release|Any CPU
		{E187FB72-120A-455C-AC83-949396BBE800}.Release|x64.Build.0 = Release|Any CPU
		{E187FB72-120A-455C-AC83-949396BBE800}.Release|x86.ActiveCfg = Release|Any CPU
		{E187FB72-120A-455C-AC83-949396BBE800}.Release|x86.Build.0 = Release|Any CPU
		{605047D0-F24B-4C34-9D82-1B1EC0070780}.Debug|Any CPU.ActiveCfg = Debug|Any CPU
		{605047D0-F24B-4C34-9D82-1B1EC0070780}.Debug|Any CPU.Build.0 = Debug|Any CPU
		{605047D0-F24B-4C34-9D82-1B1EC0070780}.Debug|x64.ActiveCfg = Debug|Any CPU
		{605047D0-F24B-4C34-9D82-1B1EC0070780}.Debug|x64.Build.0 = Debug|Any CPU
		{605047D0-F24B-4C34-9D82-1B1EC0070780}.Debug|x86.ActiveCfg = Debug|Any CPU
		{605047D0-F24B-4C34-9D82-1B1EC0070780}.Debug|x86.Build.0 = Debug|Any CPU
		{605047D0-F24B-4C34-9D82-1B1EC0070780}.Release|Any CPU.ActiveCfg = Release|Any CPU
		{605047D0-F24B-4C34-9D82-1B1EC0070780}.Release|Any CPU.Build.0 = Release|Any CPU
		{605047D0-F24B-4C34-9D82-1B1EC0070780}.Release|x64.ActiveCfg = Release|Any CPU
		{605047D0-F24B-4C34-9D82-1B1EC0070780}.Release|x64.Build.0 = Release|Any CPU
		{605047D0-F24B-4C34-9D82-1B1EC0070780}.Release|x86.ActiveCfg = Release|Any CPU
		{605047D0-F24B-4C34-9D82-1B1EC0070780}.Release|x86.Build.0 = Release|Any CPU
		{D1729CB4-AD09-48B9-A4B0-4411FB5EB284}.Debug|Any CPU.ActiveCfg = Debug|Any CPU
		{D1729CB4-AD09-48B9-A4B0-4411FB5EB284}.Debug|Any CPU.Build.0 = Debug|Any CPU
		{D1729CB4-AD09-48B9-A4B0-4411FB5EB284}.Debug|x64.ActiveCfg = Debug|Any CPU
		{D1729CB4-AD09-48B9-A4B0-4411FB5EB284}.Debug|x64.Build.0 = Debug|Any CPU
		{D1729CB4-AD09-48B9-A4B0-4411FB5EB284}.Debug|x86.ActiveCfg = Debug|Any CPU
		{D1729CB4-AD09-48B9-A4B0-4411FB5EB284}.Debug|x86.Build.0 = Debug|Any CPU
		{D1729CB4-AD09-48B9-A4B0-4411FB5EB284}.Release|Any CPU.ActiveCfg = Release|Any CPU
		{D1729CB4-AD09-48B9-A4B0-4411FB5EB284}.Release|Any CPU.Build.0 = Release|Any CPU
		{D1729CB4-AD09-48B9-A4B0-4411FB5EB284}.Release|x64.ActiveCfg = Release|Any CPU
		{D1729CB4-AD09-48B9-A4B0-4411FB5EB284}.Release|x64.Build.0 = Release|Any CPU
		{D1729CB4-AD09-48B9-A4B0-4411FB5EB284}.Release|x86.ActiveCfg = Release|Any CPU
		{D1729CB4-AD09-48B9-A4B0-4411FB5EB284}.Release|x86.Build.0 = Release|Any CPU
		{04B104BA-E1DB-4F90-9214-F83669656F55}.Debug|Any CPU.ActiveCfg = Debug|Any CPU
		{04B104BA-E1DB-4F90-9214-F83669656F55}.Debug|Any CPU.Build.0 = Debug|Any CPU
		{04B104BA-E1DB-4F90-9214-F83669656F55}.Debug|x64.ActiveCfg = Debug|Any CPU
		{04B104BA-E1DB-4F90-9214-F83669656F55}.Debug|x64.Build.0 = Debug|Any CPU
		{04B104BA-E1DB-4F90-9214-F83669656F55}.Debug|x86.ActiveCfg = Debug|Any CPU
		{04B104BA-E1DB-4F90-9214-F83669656F55}.Debug|x86.Build.0 = Debug|Any CPU
		{04B104BA-E1DB-4F90-9214-F83669656F55}.Release|Any CPU.ActiveCfg = Release|Any CPU
		{04B104BA-E1DB-4F90-9214-F83669656F55}.Release|Any CPU.Build.0 = Release|Any CPU
		{04B104BA-E1DB-4F90-9214-F83669656F55}.Release|x64.ActiveCfg = Release|Any CPU
		{04B104BA-E1DB-4F90-9214-F83669656F55}.Release|x64.Build.0 = Release|Any CPU
		{04B104BA-E1DB-4F90-9214-F83669656F55}.Release|x86.ActiveCfg = Release|Any CPU
		{04B104BA-E1DB-4F90-9214-F83669656F55}.Release|x86.Build.0 = Release|Any CPU
		{46426539-D297-48B1-954C-55D944D10F62}.Debug|Any CPU.ActiveCfg = Debug|Any CPU
		{46426539-D297-48B1-954C-55D944D10F62}.Debug|Any CPU.Build.0 = Debug|Any CPU
		{46426539-D297-48B1-954C-55D944D10F62}.Debug|x64.ActiveCfg = Debug|Any CPU
		{46426539-D297-48B1-954C-55D944D10F62}.Debug|x64.Build.0 = Debug|Any CPU
		{46426539-D297-48B1-954C-55D944D10F62}.Debug|x86.ActiveCfg = Debug|Any CPU
		{46426539-D297-48B1-954C-55D944D10F62}.Debug|x86.Build.0 = Debug|Any CPU
		{46426539-D297-48B1-954C-55D944D10F62}.Release|Any CPU.ActiveCfg = Release|Any CPU
		{46426539-D297-48B1-954C-55D944D10F62}.Release|Any CPU.Build.0 = Release|Any CPU
		{46426539-D297-48B1-954C-55D944D10F62}.Release|x64.ActiveCfg = Release|Any CPU
		{46426539-D297-48B1-954C-55D944D10F62}.Release|x64.Build.0 = Release|Any CPU
		{46426539-D297-48B1-954C-55D944D10F62}.Release|x86.ActiveCfg = Release|Any CPU
		{46426539-D297-48B1-954C-55D944D10F62}.Release|x86.Build.0 = Release|Any CPU
	EndGlobalSection
	GlobalSection(SolutionProperties) = preSolution
		HideSolutionNode = FALSE
	EndGlobalSection
EndGlobal
